{
  "pins" : [
    {
      "identity" : "stripe-ios-spm",
      "kind" : "remoteSourceControl",
      "location" : "https://github.com/stripe/stripe-ios-spm",
      "state" : {
        "revision" : "03725b6431c936bf9088e76dbe601a21ee0f5405",
        "version" : "23.18.3"
      }
    }
  ],
  "version" : 2
}
