// !$*UTF8*$!
{
	archiveVersion = 1;
	classes = {
	};
	objectVersion = 56;
	objects = {

/* Begin PBXBuildFile section */
		9C7B01572B21025400872823 /* AppDelegate.swift in Sources */ = {isa = PBXBuildFile; fileRef = 9C7B01562B21025400872823 /* AppDelegate.swift */; };
		9C7B01592B21025400872823 /* SceneDelegate.swift in Sources */ = {isa = PBXBuildFile; fileRef = 9C7B01582B21025400872823 /* SceneDelegate.swift */; };
		9C7B015B2B21025400872823 /* ViewController.swift in Sources */ = {isa = PBXBuildFile; fileRef = 9C7B015A2B21025400872823 /* ViewController.swift */; };
		9C7B015E2B21025400872823 /* Main.storyboard in Resources */ = {isa = PBXBuildFile; fileRef = 9C7B015C2B21025400872823 /* Main.storyboard */; };
		9C7B01602B21025600872823 /* Assets.xcassets in Resources */ = {isa = PBXBuildFile; fileRef = 9C7B015F2B21025600872823 /* Assets.xcassets */; };
		9C7B01632B21025600872823 /* LaunchScreen.storyboard in Resources */ = {isa = PBXBuildFile; fileRef = 9C7B01612B21025600872823 /* LaunchScreen.storyboard */; };
		9C7B016E2B21025700872823 /* GroceryAppDemoTests.swift in Sources */ = {isa = PBXBuildFile; fileRef = 9C7B016D2B21025700872823 /* GroceryAppDemoTests.swift */; };
		9C7B01782B21025700872823 /* GroceryAppDemoUITests.swift in Sources */ = {isa = PBXBuildFile; fileRef = 9C7B01772B21025700872823 /* GroceryAppDemoUITests.swift */; };
		9C7B017A2B21025700872823 /* GroceryAppDemoUITestsLaunchTests.swift in Sources */ = {isa = PBXBuildFile; fileRef = 9C7B01792B21025700872823 /* GroceryAppDemoUITestsLaunchTests.swift */; };
/* End PBXBuildFile section */

/* Begin PBXContainerItemProxy section */
		9C7B016A2B21025700872823 /* PBXContainerItemProxy */ = {
			isa = PBXContainerItemProxy;
			containerPortal = 9C7B014B2B21025400872823 /* Project object */;
			proxyType = 1;
			remoteGlobalIDString = 9C7B01522B21025400872823;
			remoteInfo = GroceryAppDemo;
		};
		9C7B01742B21025700872823 /* PBXContainerItemProxy */ = {
			isa = PBXContainerItemProxy;
			containerPortal = 9C7B014B2B21025400872823 /* Project object */;
			proxyType = 1;
			remoteGlobalIDString = 9C7B01522B21025400872823;
			remoteInfo = GroceryAppDemo;
		};
/* End PBXContainerItemProxy section */

/* Begin PBXFileReference section */
		9C7B01532B21025400872823 /* GroceryAppDemo.app */ = {isa = PBXFileReference; explicitFileType = wrapper.application; includeInIndex = 0; path = GroceryAppDemo.app; sourceTree = BUILT_PRODUCTS_DIR; };
		9C7B01562B21025400872823 /* AppDelegate.swift */ = {isa = PBXFileReference; lastKnownFileType = sourcecode.swift; path = AppDelegate.swift; sourceTree = "<group>"; };
		9C7B01582B21025400872823 /* SceneDelegate.swift */ = {isa = PBXFileReference; lastKnownFileType = sourcecode.swift; path = SceneDelegate.swift; sourceTree = "<group>"; };
		9C7B015A2B21025400872823 /* ViewController.swift */ = {isa = PBXFileReference; lastKnownFileType = sourcecode.swift; path = ViewController.swift; sourceTree = "<group>"; };
		9C7B015D2B21025400872823 /* Base */ = {isa = PBXFileReference; lastKnownFileType = file.storyboard; name = Base; path = Base.lproj/Main.storyboard; sourceTree = "<group>"; };
		9C7B015F2B21025600872823 /* Assets.xcassets */ = {isa = PBXFileReference; lastKnownFileType = folder.assetcatalog; path = Assets.xcassets; sourceTree = "<group>"; };
		9C7B01622B21025600872823 /* Base */ = {isa = PBXFileReference; lastKnownFileType = file.storyboard; name = Base; path = Base.lproj/LaunchScreen.storyboard; sourceTree = "<group>"; };
		9C7B01642B21025600872823 /* Info.plist */ = {isa = PBXFileReference; lastKnownFileType = text.plist.xml; path = Info.plist; sourceTree = "<group>"; };
		9C7B01692B21025700872823 /* GroceryAppDemoTests.xctest */ = {isa = PBXFileReference; explicitFileType = wrapper.cfbundle; includeInIndex = 0; path = GroceryAppDemoTests.xctest; sourceTree = BUILT_PRODUCTS_DIR; };
		9C7B016D2B21025700872823 /* GroceryAppDemoTests.swift */ = {isa = PBXFileReference; lastKnownFileType = sourcecode.swift; path = GroceryAppDemoTests.swift; sourceTree = "<group>"; };
		9C7B01732B21025700872823 /* GroceryAppDemoUITests.xctest */ = {isa = PBXFileReference; explicitFileType = wrapper.cfbundle; includeInIndex = 0; path = GroceryAppDemoUITests.xctest; sourceTree = BUILT_PRODUCTS_DIR; };
		9C7B01772B21025700872823 /* GroceryAppDemoUITests.swift */ = {isa = PBXFileReference; lastKnownFileType = sourcecode.swift; path = GroceryAppDemoUITests.swift; sourceTree = "<group>"; };
		9C7B01792B21025700872823 /* GroceryAppDemoUITestsLaunchTests.swift */ = {isa = PBXFileReference; lastKnownFileType = sourcecode.swift; path = GroceryAppDemoUITestsLaunchTests.swift; sourceTree = "<group>"; };
/* End PBXFileReference section */

/* Begin PBXFrameworksBuildPhase section */
		9C7B01502B21025400872823 /* Frameworks */ = {
			isa = PBXFrameworksBuildPhase;
			buildActionMask = 2147483647;
			files = (
			);
			runOnlyForDeploymentPostprocessing = 0;
		};
		9C7B01662B21025700872823 /* Frameworks */ = {
			isa = PBXFrameworksBuildPhase;
			buildActionMask = 2147483647;
			files = (
			);
			runOnlyForDeploymentPostprocessing = 0;
		};
		9C7B01702B21025700872823 /* Frameworks */ = {
			isa = PBXFrameworksBuildPhase;
			buildActionMask = 2147483647;
			files = (
			);
			runOnlyForDeploymentPostprocessing = 0;
		};
/* End PBXFrameworksBuildPhase section */

/* Begin PBXGroup section */
		9C7B014A2B21025400872823 = {
			isa = PBXGroup;
			children = (
				9C7B01552B21025400872823 /* GroceryAppDemo */,
				9C7B016C2B21025700872823 /* GroceryAppDemoTests */,
				9C7B01762B21025700872823 /* GroceryAppDemoUITests */,
				9C7B01542B21025400872823 /* Products */,
			);
			sourceTree = "<group>";
		};
		9C7B01542B21025400872823 /* Products */ = {
			isa = PBXGroup;
			children = (
				9C7B01532B21025400872823 /* GroceryAppDemo.app */,
				9C7B01692B21025700872823 /* GroceryAppDemoTests.xctest */,
				9C7B01732B21025700872823 /* GroceryAppDemoUITests.xctest */,
			);
			name = Products;
			sourceTree = "<group>";
		};
		9C7B01552B21025400872823 /* GroceryAppDemo */ = {
			isa = PBXGroup;
			children = (
				9C7B01562B21025400872823 /* AppDelegate.swift */,
				9C7B01582B21025400872823 /* SceneDelegate.swift */,
				9C7B015A2B21025400872823 /* ViewController.swift */,
				9C7B015C2B21025400872823 /* Main.storyboard */,
				9C7B015F2B21025600872823 /* Assets.xcassets */,
				9C7B01612B21025600872823 /* LaunchScreen.storyboard */,
				9C7B01642B21025600872823 /* Info.plist */,
			);
			path = GroceryAppDemo;
			sourceTree = "<group>";
		};
		9C7B016C2B21025700872823 /* GroceryAppDemoTests */ = {
			isa = PBXGroup;
			children = (
				9C7B016D2B21025700872823 /* GroceryAppDemoTests.swift */,
			);
			path = GroceryAppDemoTests;
			sourceTree = "<group>";
		};
		9C7B01762B21025700872823 /* GroceryAppDemoUITests */ = {
			isa = PBXGroup;
			children = (
				9C7B01772B21025700872823 /* GroceryAppDemoUITests.swift */,
				9C7B01792B21025700872823 /* GroceryAppDemoUITestsLaunchTests.swift */,
			);
			path = GroceryAppDemoUITests;
			sourceTree = "<group>";
		};
/* End PBXGroup section */

/* Begin PBXNativeTarget section */
		9C7B01522B21025400872823 /* GroceryAppDemo */ = {
			isa = PBXNativeTarget;
			buildConfigurationList = 9C7B017D2B21025700872823 /* Build configuration list for PBXNativeTarget "GroceryAppDemo" */;
			buildPhases = (
				9C7B014F2B21025400872823 /* Sources */,
				9C7B01502B21025400872823 /* Frameworks */,
				9C7B01512B21025400872823 /* Resources */,
			);
			buildRules = (
			);
			dependencies = (
			);
			name = GroceryAppDemo;
			productName = GroceryAppDemo;
			productReference = 9C7B01532B21025400872823 /* GroceryAppDemo.app */;
			productType = "com.apple.product-type.application";
		};
		9C7B01682B21025700872823 /* GroceryAppDemoTests */ = {
			isa = PBXNativeTarget;
			buildConfigurationList = 9C7B01802B21025700872823 /* Build configuration list for PBXNativeTarget "GroceryAppDemoTests" */;
			buildPhases = (
				9C7B01652B21025700872823 /* Sources */,
				9C7B01662B21025700872823 /* Frameworks */,
				9C7B01672B21025700872823 /* Resources */,
			);
			buildRules = (
			);
			dependencies = (
				9C7B016B2B21025700872823 /* PBXTargetDependency */,
			);
			name = GroceryAppDemoTests;
			productName = GroceryAppDemoTests;
			productReference = 9C7B01692B21025700872823 /* GroceryAppDemoTests.xctest */;
			productType = "com.apple.product-type.bundle.unit-test";
		};
		9C7B01722B21025700872823 /* GroceryAppDemoUITests */ = {
			isa = PBXNativeTarget;
			buildConfigurationList = 9C7B01832B21025700872823 /* Build configuration list for PBXNativeTarget "GroceryAppDemoUITests" */;
			buildPhases = (
				9C7B016F2B21025700872823 /* Sources */,
				9C7B01702B21025700872823 /* Frameworks */,
				9C7B01712B21025700872823 /* Resources */,
			);
			buildRules = (
			);
			dependencies = (
				9C7B01752B21025700872823 /* PBXTargetDependency */,
			);
			name = GroceryAppDemoUITests;
			productName = GroceryAppDemoUITests;
			productReference = 9C7B01732B21025700872823 /* GroceryAppDemoUITests.xctest */;
			productType = "com.apple.product-type.bundle.ui-testing";
		};
/* End PBXNativeTarget section */

/* Begin PBXProject section */
		9C7B014B2B21025400872823 /* Project object */ = {
			isa = PBXProject;
			attributes = {
				BuildIndependentTargetsInParallel = 1;
				LastSwiftUpdateCheck = 1500;
				LastUpgradeCheck = 1500;
				TargetAttributes = {
					9C7B01522B21025400872823 = {
						CreatedOnToolsVersion = 15.0.1;
					};
					9C7B01682B21025700872823 = {
						CreatedOnToolsVersion = 15.0.1;
						TestTargetID = 9C7B01522B21025400872823;
					};
					9C7B01722B21025700872823 = {
						CreatedOnToolsVersion = 15.0.1;
						TestTargetID = 9C7B01522B21025400872823;
					};
				};
			};
			buildConfigurationList = 9C7B014E2B21025400872823 /* Build configuration list for PBXProject "GroceryAppDemo" */;
			compatibilityVersion = "Xcode 14.0";
			developmentRegion = en;
			hasScannedForEncodings = 0;
			knownRegions = (
				en,
				Base,
			);
			mainGroup = 9C7B014A2B21025400872823;
			productRefGroup = 9C7B01542B21025400872823 /* Products */;
			projectDirPath = "";
			projectRoot = "";
			targets = (
				9C7B01522B21025400872823 /* GroceryAppDemo */,
				9C7B01682B21025700872823 /* GroceryAppDemoTests */,
				9C7B01722B21025700872823 /* GroceryAppDemoUITests */,
			);
		};
/* End PBXProject section */

/* Begin PBXResourcesBuildPhase section */
		9C7B01512B21025400872823 /* Resources */ = {
			isa = PBXResourcesBuildPhase;
			buildActionMask = 2147483647;
			files = (
				9C7B01632B21025600872823 /* LaunchScreen.storyboard in Resources */,
				9C7B01602B21025600872823 /* Assets.xcassets in Resources */,
				9C7B015E2B21025400872823 /* Main.storyboard in Resources */,
			);
			runOnlyForDeploymentPostprocessing = 0;
		};
		9C7B01672B21025700872823 /* Resources */ = {
			isa = PBXResourcesBuildPhase;
			buildActionMask = 2147483647;
			files = (
			);
			runOnlyForDeploymentPostprocessing = 0;
		};
		9C7B01712B21025700872823 /* Resources */ = {
			isa = PBXResourcesBuildPhase;
			buildActionMask = 2147483647;
			files = (
			);
			runOnlyForDeploymentPostprocessing = 0;
		};
/* End PBXResourcesBuildPhase section */

/* Begin PBXSourcesBuildPhase section */
		9C7B014F2B21025400872823 /* Sources */ = {
			isa = PBXSourcesBuildPhase;
			buildActionMask = 2147483647;
			files = (
				9C7B015B2B21025400872823 /* ViewController.swift in Sources */,
				9C7B01572B21025400872823 /* AppDelegate.swift in Sources */,
				9C7B01592B21025400872823 /* SceneDelegate.swift in Sources */,
			);
			runOnlyForDeploymentPostprocessing = 0;
		};
		9C7B01652B21025700872823 /* Sources */ = {
			isa = PBXSourcesBuildPhase;
			buildActionMask = 2147483647;
			files = (
				9C7B016E2B21025700872823 /* GroceryAppDemoTests.swift in Sources */,
			);
			runOnlyForDeploymentPostprocessing = 0;
		};
		9C7B016F2B21025700872823 /* Sources */ = {
			isa = PBXSourcesBuildPhase;
			buildActionMask = 2147483647;
			files = (
				9C7B01782B21025700872823 /* GroceryAppDemoUITests.swift in Sources */,
				9C7B017A2B21025700872823 /* GroceryAppDemoUITestsLaunchTests.swift in Sources */,
			);
			runOnlyForDeploymentPostprocessing = 0;
		};
/* End PBXSourcesBuildPhase section */

/* Begin PBXTargetDependency section */
		9C7B016B2B21025700872823 /* PBXTargetDependency */ = {
			isa = PBXTargetDependency;
			target = 9C7B01522B21025400872823 /* GroceryAppDemo */;
			targetProxy = 9C7B016A2B21025700872823 /* PBXContainerItemProxy */;
		};
		9C7B01752B21025700872823 /* PBXTargetDependency */ = {
			isa = PBXTargetDependency;
			target = 9C7B01522B21025400872823 /* GroceryAppDemo */;
			targetProxy = 9C7B01742B21025700872823 /* PBXContainerItemProxy */;
		};
/* End PBXTargetDependency section */

/* Begin PBXVariantGroup section */
		9C7B015C2B21025400872823 /* Main.storyboard */ = {
			isa = PBXVariantGroup;
			children = (
				9C7B015D2B21025400872823 /* Base */,
			);
			name = Main.storyboard;
			sourceTree = "<group>";
		};
		9C7B01612B21025600872823 /* LaunchScreen.storyboard */ = {
			isa = PBXVariantGroup;
			children = (
				9C7B01622B21025600872823 /* Base */,
			);
			name = LaunchScreen.storyboard;
			sourceTree = "<group>";
		};
/* End PBXVariantGroup section */

/* Begin XCBuildConfiguration section */
		9C7B017B2B21025700872823 /* Debug */ = {
			isa = XCBuildConfiguration;
			buildSettings = {
				ALWAYS_SEARCH_USER_PATHS = NO;
				ASSETCATALOG_COMPILER_GENERATE_SWIFT_ASSET_SYMBOL_EXTENSIONS = YES;
				CLANG_ANALYZER_NONNULL = YES;
				CLANG_ANALYZER_NUMBER_OBJECT_CONVERSION = YES_AGGRESSIVE;
				CLANG_CXX_LANGUAGE_STANDARD = "gnu++20";
				CLANG_ENABLE_MODULES = YES;
				CLANG_ENABLE_OBJC_ARC = YES;
				CLANG_ENABLE_OBJC_WEAK = YES;
				CLANG_WARN_BLOCK_CAPTURE_AUTORELEASING = YES;
				CLANG_WARN_BOOL_CONVERSION = YES;
				CLANG_WARN_COMMA = YES;
				CLANG_WARN_CONSTANT_CONVERSION = YES;
				CLANG_WARN_DEPRECATED_OBJC_IMPLEMENTATIONS = YES;
				CLANG_WARN_DIRECT_OBJC_ISA_USAGE = YES_ERROR;
				CLANG_WARN_DOCUMENTATION_COMMENTS = YES;
				CLANG_WARN_EMPTY_BODY = YES;
				CLANG_WARN_ENUM_CONVERSION = YES;
				CLANG_WARN_INFINITE_RECURSION = YES;
				CLANG_WARN_INT_CONVERSION = YES;
				CLANG_WARN_NON_LITERAL_NULL_CONVERSION = YES;
				CLANG_WARN_OBJC_IMPLICIT_RETAIN_SELF = YES;
				CLANG_WARN_OBJC_LITERAL_CONVERSION = YES;
				CLANG_WARN_OBJC_ROOT_CLASS = YES_ERROR;
				CLANG_WARN_QUOTED_INCLUDE_IN_FRAMEWORK_HEADER = YES;
				CLANG_WARN_RANGE_LOOP_ANALYSIS = YES;
				CLANG_WARN_STRICT_PROTOTYPES = YES;
				CLANG_WARN_SUSPICIOUS_MOVE = YES;
				CLANG_WARN_UNGUARDED_AVAILABILITY = YES_AGGRESSIVE;
				CLANG_WARN_UNREACHABLE_CODE = YES;
				CLANG_WARN__DUPLICATE_METHOD_MATCH = YES;
				COPY_PHASE_STRIP = NO;
				DEBUG_INFORMATION_FORMAT = dwarf;
				ENABLE_STRICT_OBJC_MSGSEND = YES;
				ENABLE_TESTABILITY = YES;
				ENABLE_USER_SCRIPT_SANDBOXING = YES;
				GCC_C_LANGUAGE_STANDARD = gnu17;
				GCC_DYNAMIC_NO_PIC = NO;
				GCC_NO_COMMON_BLOCKS = YES;
				GCC_OPTIMIZATION_LEVEL = 0;
				GCC_PREPROCESSOR_DEFINITIONS = (
					"DEBUG=1",
					"$(inherited)",
				);
				GCC_WARN_64_TO_32_BIT_CONVERSION = YES;
				GCC_WARN_ABOUT_RETURN_TYPE = YES_ERROR;
				GCC_WARN_UNDECLARED_SELECTOR = YES;
				GCC_WARN_UNINITIALIZED_AUTOS = YES_AGGRESSIVE;
				GCC_WARN_UNUSED_FUNCTION = YES;
				GCC_WARN_UNUSED_VARIABLE = YES;
				IPHONEOS_DEPLOYMENT_TARGET = 17.0;
				LOCALIZATION_PREFERS_STRING_CATALOGS = YES;
				MTL_ENABLE_DEBUG_INFO = INCLUDE_SOURCE;
				MTL_FAST_MATH = YES;
				ONLY_ACTIVE_ARCH = YES;
				SDKROOT = iphoneos;
				SWIFT_ACTIVE_COMPILATION_CONDITIONS = "DEBUG $(inherited)";
				SWIFT_OPTIMIZATION_LEVEL = "-Onone";
			};
			name = Debug;
		};
		9C7B017C2B21025700872823 /* Release */ = {
			isa = XCBuildConfiguration;
			buildSettings = {
				ALWAYS_SEARCH_USER_PATHS = NO;
				ASSETCATALOG_COMPILER_GENERATE_SWIFT_ASSET_SYMBOL_EXTENSIONS = YES;
				CLANG_ANALYZER_NONNULL = YES;
				CLANG_ANALYZER_NUMBER_OBJECT_CONVERSION = YES_AGGRESSIVE;
				CLANG_CXX_LANGUAGE_STANDARD = "gnu++20";
				CLANG_ENABLE_MODULES = YES;
				CLANG_ENABLE_OBJC_ARC = YES;
				CLANG_ENABLE_OBJC_WEAK = YES;
				CLANG_WARN_BLOCK_CAPTURE_AUTORELEASING = YES;
				CLANG_WARN_BOOL_CONVERSION = YES;
				CLANG_WARN_COMMA = YES;
				CLANG_WARN_CONSTANT_CONVERSION = YES;
				CLANG_WARN_DEPRECATED_OBJC_IMPLEMENTATIONS = YES;
				CLANG_WARN_DIRECT_OBJC_ISA_USAGE = YES_ERROR;
				CLANG_WARN_DOCUMENTATION_COMMENTS = YES;
				CLANG_WARN_EMPTY_BODY = YES;
				CLANG_WARN_ENUM_CONVERSION = YES;
				CLANG_WARN_INFINITE_RECURSION = YES;
				CLANG_WARN_INT_CONVERSION = YES;
				CLANG_WARN_NON_LITERAL_NULL_CONVERSION = YES;
				CLANG_WARN_OBJC_IMPLICIT_RETAIN_SELF = YES;
				CLANG_WARN_OBJC_LITERAL_CONVERSION = YES;
				CLANG_WARN_OBJC_ROOT_CLASS = YES_ERROR;
				CLANG_WARN_QUOTED_INCLUDE_IN_FRAMEWORK_HEADER = YES;
				CLANG_WARN_RANGE_LOOP_ANALYSIS = YES;
				CLANG_WARN_STRICT_PROTOTYPES = YES;
				CLANG_WARN_SUSPICIOUS_MOVE = YES;
				CLANG_WARN_UNGUARDED_AVAILABILITY = YES_AGGRESSIVE;
				CLANG_WARN_UNREACHABLE_CODE = YES;
				CLANG_WARN__DUPLICATE_METHOD_MATCH = YES;
				COPY_PHASE_STRIP = NO;
				DEBUG_INFORMATION_FORMAT = "dwarf-with-dsym";
				ENABLE_NS_ASSERTIONS = NO;
				ENABLE_STRICT_OBJC_MSGSEND = YES;
				ENABLE_USER_SCRIPT_SANDBOXING = YES;
				GCC_C_LANGUAGE_STANDARD = gnu17;
				GCC_NO_COMMON_BLOCKS = YES;
				GCC_WARN_64_TO_32_BIT_CONVERSION = YES;
				GCC_WARN_ABOUT_RETURN_TYPE = YES_ERROR;
				GCC_WARN_UNDECLARED_SELECTOR = YES;
				GCC_WARN_UNINITIALIZED_AUTOS = YES_AGGRESSIVE;
				GCC_WARN_UNUSED_FUNCTION = YES;
				GCC_WARN_UNUSED_VARIABLE = YES;
				IPHONEOS_DEPLOYMENT_TARGET = 17.0;
				LOCALIZATION_PREFERS_STRING_CATALOGS = YES;
				MTL_ENABLE_DEBUG_INFO = NO;
				MTL_FAST_MATH = YES;
				SDKROOT = iphoneos;
				SWIFT_COMPILATION_MODE = wholemodule;
				VALIDATE_PRODUCT = YES;
			};
			name = Release;
		};
		9C7B017E2B21025700872823 /* Debug */ = {
			isa = XCBuildConfiguration;
			buildSettings = {
				ASSETCATALOG_COMPILER_APPICON_NAME = AppIcon;
				ASSETCATALOG_COMPILER_GLOBAL_ACCENT_COLOR_NAME = AccentColor;
				CODE_SIGN_STYLE = Automatic;
				CURRENT_PROJECT_VERSION = 1;
				DEVELOPMENT_TEAM = 8265RF8PKR;
				GENERATE_INFOPLIST_FILE = YES;
				INFOPLIST_FILE = GroceryAppDemo/Info.plist;
				INFOPLIST_KEY_UIApplicationSupportsIndirectInputEvents = YES;
				INFOPLIST_KEY_UILaunchStoryboardName = LaunchScreen;
				INFOPLIST_KEY_UIMainStoryboardFile = Main;
				INFOPLIST_KEY_UISupportedInterfaceOrientations_iPad = "UIInterfaceOrientationPortrait UIInterfaceOrientationPortraitUpsideDown UIInterfaceOrientationLandscapeLeft UIInterfaceOrientationLandscapeRight";
				INFOPLIST_KEY_UISupportedInterfaceOrientations_iPhone = "UIInterfaceOrientationPortrait UIInterfaceOrientationLandscapeLeft UIInterfaceOrientationLandscapeRight";
				LD_RUNPATH_SEARCH_PATHS = (
					"$(inherited)",
					"@executable_path/Frameworks",
				);
				MARKETING_VERSION = 1.0;
				PRODUCT_BUNDLE_IDENTIFIER = com.bhagyeshdesai.GroceryAppDemo;
				PRODUCT_NAME = "$(TARGET_NAME)";
				SWIFT_EMIT_LOC_STRINGS = YES;
				SWIFT_VERSION = 5.0;
				TARGETED_DEVICE_FAMILY = "1,2";
			};
			name = Debug;
		};
		9C7B017F2B21025700872823 /* Release */ = {
			isa = XCBuildConfiguration;
			buildSettings = {
				ASSETCATALOG_COMPILER_APPICON_NAME = AppIcon;
				ASSETCATALOG_COMPILER_GLOBAL_ACCENT_COLOR_NAME = AccentColor;
				CODE_SIGN_STYLE = Automatic;
				CURRENT_PROJECT_VERSION = 1;
				DEVELOPMENT_TEAM = 8265RF8PKR;
				GENERATE_INFOPLIST_FILE = YES;
				INFOPLIST_FILE = GroceryAppDemo/Info.plist;
				INFOPLIST_KEY_UIApplicationSupportsIndirectInputEvents = YES;
				INFOPLIST_KEY_UILaunchStoryboardName = LaunchScreen;
				INFOPLIST_KEY_UIMainStoryboardFile = Main;
				INFOPLIST_KEY_UISupportedInterfaceOrientations_iPad = "UIInterfaceOrientationPortrait UIInterfaceOrientationPortraitUpsideDown UIInterfaceOrientationLandscapeLeft UIInterfaceOrientationLandscapeRight";
				INFOPLIST_KEY_UISupportedInterfaceOrientations_iPhone = "UIInterfaceOrientationPortrait UIInterfaceOrientationLandscapeLeft UIInterfaceOrientationLandscapeRight";
				LD_RUNPATH_SEARCH_PATHS = (
					"$(inherited)",
					"@executable_path/Frameworks",
				);
				MARKETING_VERSION = 1.0;
				PRODUCT_BUNDLE_IDENTIFIER = com.bhagyeshdesai.GroceryAppDemo;
				PRODUCT_NAME = "$(TARGET_NAME)";
				SWIFT_EMIT_LOC_STRINGS = YES;
				SWIFT_VERSION = 5.0;
				TARGETED_DEVICE_FAMILY = "1,2";
			};
			name = Release;
		};
		9C7B01812B21025700872823 /* Debug */ = {
			isa = XCBuildConfiguration;
			buildSettings = {
				ALWAYS_EMBED_SWIFT_STANDARD_LIBRARIES = YES;
				BUNDLE_LOADER = "$(TEST_HOST)";
				CODE_SIGN_STYLE = Automatic;
				CURRENT_PROJECT_VERSION = 1;
				DEVELOPMENT_TEAM = 8265RF8PKR;
				GENERATE_INFOPLIST_FILE = YES;
				IPHONEOS_DEPLOYMENT_TARGET = 17.0;
				MARKETING_VERSION = 1.0;
				PRODUCT_BUNDLE_IDENTIFIER = com.bhagyeshdesai.GroceryAppDemoTests;
				PRODUCT_NAME = "$(TARGET_NAME)";
				SWIFT_EMIT_LOC_STRINGS = NO;
				SWIFT_VERSION = 5.0;
				TARGETED_DEVICE_FAMILY = "1,2";
				TEST_HOST = "$(BUILT_PRODUCTS_DIR)/GroceryAppDemo.app/$(BUNDLE_EXECUTABLE_FOLDER_PATH)/GroceryAppDemo";
			};
			name = Debug;
		};
		9C7B01822B21025700872823 /* Release */ = {
			isa = XCBuildConfiguration;
			buildSettings = {
				ALWAYS_EMBED_SWIFT_STANDARD_LIBRARIES = YES;
				BUNDLE_LOADER = "$(TEST_HOST)";
				CODE_SIGN_STYLE = Automatic;
				CURRENT_PROJECT_VERSION = 1;
				DEVELOPMENT_TEAM = 8265RF8PKR;
				GENERATE_INFOPLIST_FILE = YES;
				IPHONEOS_DEPLOYMENT_TARGET = 17.0;
				MARKETING_VERSION = 1.0;
				PRODUCT_BUNDLE_IDENTIFIER = com.bhagyeshdesai.GroceryAppDemoTests;
				PRODUCT_NAME = "$(TARGET_NAME)";
				SWIFT_EMIT_LOC_STRINGS = NO;
				SWIFT_VERSION = 5.0;
				TARGETED_DEVICE_FAMILY = "1,2";
				TEST_HOST = "$(BUILT_PRODUCTS_DIR)/GroceryAppDemo.app/$(BUNDLE_EXECUTABLE_FOLDER_PATH)/GroceryAppDemo";
			};
			name = Release;
		};
		9C7B01842B21025700872823 /* Debug */ = {
			isa = XCBuildConfiguration;
			buildSettings = {
				ALWAYS_EMBED_SWIFT_STANDARD_LIBRARIES = YES;
				CODE_SIGN_STYLE = Automatic;
				CURRENT_PROJECT_VERSION = 1;
				DEVELOPMENT_TEAM = 8265RF8PKR;
				GENERATE_INFOPLIST_FILE = YES;
				MARKETING_VERSION = 1.0;
				PRODUCT_BUNDLE_IDENTIFIER = com.bhagyeshdesai.GroceryAppDemoUITests;
				PRODUCT_NAME = "$(TARGET_NAME)";
				SWIFT_EMIT_LOC_STRINGS = NO;
				SWIFT_VERSION = 5.0;
				TARGETED_DEVICE_FAMILY = "1,2";
				TEST_TARGET_NAME = GroceryAppDemo;
			};
			name = Debug;
		};
		9C7B01852B21025700872823 /* Release */ = {
			isa = XCBuildConfiguration;
			buildSettings = {
				ALWAYS_EMBED_SWIFT_STANDARD_LIBRARIES = YES;
				CODE_SIGN_STYLE = Automatic;
				CURRENT_PROJECT_VERSION = 1;
				DEVELOPMENT_TEAM = 8265RF8PKR;
				GENERATE_INFOPLIST_FILE = YES;
				MARKETING_VERSION = 1.0;
				PRODUCT_BUNDLE_IDENTIFIER = com.bhagyeshdesai.GroceryAppDemoUITests;
				PRODUCT_NAME = "$(TARGET_NAME)";
				SWIFT_EMIT_LOC_STRINGS = NO;
				SWIFT_VERSION = 5.0;
				TARGETED_DEVICE_FAMILY = "1,2";
				TEST_TARGET_NAME = GroceryAppDemo;
			};
			name = Release;
		};
/* End XCBuildConfiguration section */

/* Begin XCConfigurationList section */
		9C7B014E2B21025400872823 /* Build configuration list for PBXProject "GroceryAppDemo" */ = {
			isa = XCConfigurationList;
			buildConfigurations = (
				9C7B017B2B21025700872823 /* Debug */,
				9C7B017C2B21025700872823 /* Release */,
			);
			defaultConfigurationIsVisible = 0;
			defaultConfigurationName = Release;
		};
		9C7B017D2B21025700872823 /* Build configuration list for PBXNativeTarget "GroceryAppDemo" */ = {
			isa = XCConfigurationList;
			buildConfigurations = (
				9C7B017E2B21025700872823 /* Debug */,
				9C7B017F2B21025700872823 /* Release */,
			);
			defaultConfigurationIsVisible = 0;
			defaultConfigurationName = Release;
		};
		9C7B01802B21025700872823 /* Build configuration list for PBXNativeTarget "GroceryAppDemoTests" */ = {
			isa = XCConfigurationList;
			buildConfigurations = (
				9C7B01812B21025700872823 /* Debug */,
				9C7B01822B21025700872823 /* Release */,
			);
			defaultConfigurationIsVisible = 0;
			defaultConfigurationName = Release;
		};
		9C7B01832B21025700872823 /* Build configuration list for PBXNativeTarget "GroceryAppDemoUITests" */ = {
			isa = XCConfigurationList;
			buildConfigurations = (
				9C7B01842B21025700872823 /* Debug */,
				9C7B01852B21025700872823 /* Release */,
			);
			defaultConfigurationIsVisible = 0;
			defaultConfigurationName = Release;
		};
/* End XCConfigurationList section */
	};
	rootObject = 9C7B014B2B21025400872823 /* Project object */;
}
